
Microsoft Visual Studio Solution File, Format Version 12.00
# Visual Studio 14
VisualStudioVersion = 14.0.24720.0
MinimumVisualStudioVersion = 10.0.40219.1
Project("{FAE04EC0-301F-11D3-BF4B-00C04F79EFBC}") = "LMS.UI", "LMS.UI\LMS.UI.csproj", "{18886476-0A3F-48D8-941E-7B3F6600BD61}"
EndProject
Project("{FAE04EC0-301F-11D3-BF4B-00C04F79EFBC}") = "LMS.Service.Domain", "LMS.Service.Domain\LMS.Service.Domain.csproj", "{DF0F340C-9401-414C-99A8-4EC51127FB71}"
EndProject
Project("{FAE04EC0-301F-11D3-BF4B-00C04F79EFBC}") = "LMS.Service.BLL", "LMS.Service.BLL\LMS.Service.BLL.csproj", "{E566BF80-7D4F-412D-8837-648AD493BD0C}"
EndProject
Project("{FAE04EC0-301F-11D3-BF4B-00C04F79EFBC}") = "LMS.DAL", "LMS.DAL\LMS.DAL.csproj", "{03F6A4FB-90B6-41BD-B635-53FCBEAF43A8}"
EndProject
Project("{FAE04EC0-301F-11D3-BF4B-00C04F79EFBC}") = "LMS.ViewModel", "LMS.ViewModel\LMS.ViewModel.csproj", "{62570EE6-84BE-4BD8-AD43-210FD91119FB}"
EndProject
Project("{FAE04EC0-301F-11D3-BF4B-00C04F79EFBC}") = "LMS.DAL.Utility", "LMS.DAL.Utility\LMS.DAL.Utility.csproj", "{74818DE0-4F59-477A-8C60-0E61874FBDC0}"
EndProject
Project("{FAE04EC0-301F-11D3-BF4B-00C04F79EFBC}") = "LMS.UI.Utility", "LMS.UI.Utility\LMS.UI.Utility.csproj", "{E6296ABB-39DD-4B8B-B887-C287F02DA2CD}"
EndProject
Project("{FAE04EC0-301F-11D3-BF4B-00C04F79EFBC}") = "LMS.DAL.Test", "LMS.DAL.Test\LMS.DAL.Test.csproj", "{155AA6EA-29C0-4339-B6F2-51EDBF52FBF0}"
EndProject
Project("{FAE04EC0-301F-11D3-BF4B-00C04F79EFBC}") = "LMS.UI.Contract", "LMS.UI.Contract\LMS.UI.Contract.csproj", "{DD0AAFFB-303E-4E3E-BA9E-20C56CD78542}"
EndProject
Project("{FAE04EC0-301F-11D3-BF4B-00C04F79EFBC}") = "LMS.UI.Context", "LMS.UI.Context\LMS.UI.Context.csproj", "{B5B37BEA-8623-4C6E-81A8-100FBD3AC3FD}"
EndProject
Project("{FAE04EC0-301F-11D3-BF4B-00C04F79EFBC}") = "LMS.UI.Bootstrapper", "LMS.UI.Bootstrapper\LMS.UI.Bootstrapper.csproj", "{8B755D20-2782-44DE-AB75-7C2A3E985F17}"
EndProject
Project("{FAE04EC0-301F-11D3-BF4B-00C04F79EFBC}") = "LMS.UI.Control", "LMS.UI.Control\LMS.UI.Control.csproj", "{96A08A53-CE0D-400E-8F38-D354E0A4D81B}"
EndProject
Project("{2150E333-8FDC-42A3-9474-1A3956D46DE8}") = "MaterialDesign", "MaterialDesign", "{169ED809-49BD-4DEB-B76B-8A959A1F005A}"
EndProject
Project("{FAE04EC0-301F-11D3-BF4B-00C04F79EFBC}") = "MaterialDesignColors.Wpf", "MaterialDesign\MaterialDesignColors.Wpf\MaterialDesignColors.Wpf.csproj", "{90B53209-C60C-4655-B28D-A1B3E1044BA3}"
EndProject
Project("{FAE04EC0-301F-11D3-BF4B-00C04F79EFBC}") = "MaterialDesignThemes.Wpf", "MaterialDesign\MaterialDesignThemes.Wpf\MaterialDesignThemes.Wpf.csproj", "{F079FB0A-A8ED-4216-B6A5-345756751A04}"
EndProject
Global
	GlobalSection(SolutionConfigurationPlatforms) = preSolution
		AppVeyor|Any CPU = AppVeyor|Any CPU
		Debug|Any CPU = Debug|Any CPU
		Release|Any CPU = Release|Any CPU
	EndGlobalSection
	GlobalSection(ProjectConfigurationPlatforms) = postSolution
		{18886476-0A3F-48D8-941E-7B3F6600BD61}.AppVeyor|Any CPU.ActiveCfg = Release|Any CPU
		{18886476-0A3F-48D8-941E-7B3F6600BD61}.AppVeyor|Any CPU.Build.0 = Release|Any CPU
		{18886476-0A3F-48D8-941E-7B3F6600BD61}.Debug|Any CPU.ActiveCfg = Debug|Any CPU
		{18886476-0A3F-48D8-941E-7B3F6600BD61}.Debug|Any CPU.Build.0 = Debug|Any CPU
		{18886476-0A3F-48D8-941E-7B3F6600BD61}.Release|Any CPU.ActiveCfg = Release|Any CPU
		{18886476-0A3F-48D8-941E-7B3F6600BD61}.Release|Any CPU.Build.0 = Release|Any CPU
		{DF0F340C-9401-414C-99A8-4EC51127FB71}.AppVeyor|Any CPU.ActiveCfg = Release|Any CPU
		{DF0F340C-9401-414C-99A8-4EC51127FB71}.AppVeyor|Any CPU.Build.0 = Release|Any CPU
		{DF0F340C-9401-414C-99A8-4EC51127FB71}.Debug|Any CPU.ActiveCfg = Debug|Any CPU
		{DF0F340C-9401-414C-99A8-4EC51127FB71}.Debug|Any CPU.Build.0 = Debug|Any CPU
		{DF0F340C-9401-414C-99A8-4EC51127FB71}.Release|Any CPU.ActiveCfg = Release|Any CPU
		{DF0F340C-9401-414C-99A8-4EC51127FB71}.Release|Any CPU.Build.0 = Release|Any CPU
		{E566BF80-7D4F-412D-8837-648AD493BD0C}.AppVeyor|Any CPU.ActiveCfg = Release|Any CPU
		{E566BF80-7D4F-412D-8837-648AD493BD0C}.AppVeyor|Any CPU.Build.0 = Release|Any CPU
		{E566BF80-7D4F-412D-8837-648AD493BD0C}.Debug|Any CPU.ActiveCfg = Debug|Any CPU
		{E566BF80-7D4F-412D-8837-648AD493BD0C}.Debug|Any CPU.Build.0 = Debug|Any CPU
		{E566BF80-7D4F-412D-8837-648AD493BD0C}.Release|Any CPU.ActiveCfg = Release|Any CPU
		{E566BF80-7D4F-412D-8837-648AD493BD0C}.Release|Any CPU.Build.0 = Release|Any CPU
		{03F6A4FB-90B6-41BD-B635-53FCBEAF43A8}.AppVeyor|Any CPU.ActiveCfg = Release|Any CPU
		{03F6A4FB-90B6-41BD-B635-53FCBEAF43A8}.AppVeyor|Any CPU.Build.0 = Release|Any CPU
		{03F6A4FB-90B6-41BD-B635-53FCBEAF43A8}.Debug|Any CPU.ActiveCfg = Debug|Any CPU
		{03F6A4FB-90B6-41BD-B635-53FCBEAF43A8}.Debug|Any CPU.Build.0 = Debug|Any CPU
		{03F6A4FB-90B6-41BD-B635-53FCBEAF43A8}.Release|Any CPU.ActiveCfg = Release|Any CPU
		{03F6A4FB-90B6-41BD-B635-53FCBEAF43A8}.Release|Any CPU.Build.0 = Release|Any CPU
		{62570EE6-84BE-4BD8-AD43-210FD91119FB}.AppVeyor|Any CPU.ActiveCfg = Release|Any CPU
		{62570EE6-84BE-4BD8-AD43-210FD91119FB}.AppVeyor|Any CPU.Build.0 = Release|Any CPU
		{62570EE6-84BE-4BD8-AD43-210FD91119FB}.Debug|Any CPU.ActiveCfg = Debug|Any CPU
		{62570EE6-84BE-4BD8-AD43-210FD91119FB}.Debug|Any CPU.Build.0 = Debug|Any CPU
		{62570EE6-84BE-4BD8-AD43-210FD91119FB}.Release|Any CPU.ActiveCfg = Release|Any CPU
		{62570EE6-84BE-4BD8-AD43-210FD91119FB}.Release|Any CPU.Build.0 = Release|Any CPU
		{74818DE0-4F59-477A-8C60-0E61874FBDC0}.AppVeyor|Any CPU.ActiveCfg = Release|Any CPU
		{74818DE0-4F59-477A-8C60-0E61874FBDC0}.AppVeyor|Any CPU.Build.0 = Release|Any CPU
		{74818DE0-4F59-477A-8C60-0E61874FBDC0}.Debug|Any CPU.ActiveCfg = Debug|Any CPU
		{74818DE0-4F59-477A-8C60-0E61874FBDC0}.Debug|Any CPU.Build.0 = Debug|Any CPU
		{74818DE0-4F59-477A-8C60-0E61874FBDC0}.Release|Any CPU.ActiveCfg = Release|Any CPU
		{74818DE0-4F59-477A-8C60-0E61874FBDC0}.Release|Any CPU.Build.0 = Release|Any CPU
		{E6296ABB-39DD-4B8B-B887-C287F02DA2CD}.AppVeyor|Any CPU.ActiveCfg = Release|Any CPU
		{E6296ABB-39DD-4B8B-B887-C287F02DA2CD}.AppVeyor|Any CPU.Build.0 = Release|Any CPU
		{E6296ABB-39DD-4B8B-B887-C287F02DA2CD}.Debug|Any CPU.ActiveCfg = Debug|Any CPU
		{E6296ABB-39DD-4B8B-B887-C287F02DA2CD}.Debug|Any CPU.Build.0 = Debug|Any CPU
		{E6296ABB-39DD-4B8B-B887-C287F02DA2CD}.Release|Any CPU.ActiveCfg = Release|Any CPU
		{E6296ABB-39DD-4B8B-B887-C287F02DA2CD}.Release|Any CPU.Build.0 = Release|Any CPU
		{155AA6EA-29C0-4339-B6F2-51EDBF52FBF0}.AppVeyor|Any CPU.ActiveCfg = Release|Any CPU
		{155AA6EA-29C0-4339-B6F2-51EDBF52FBF0}.AppVeyor|Any CPU.Build.0 = Release|Any CPU
		{155AA6EA-29C0-4339-B6F2-51EDBF52FBF0}.Debug|Any CPU.ActiveCfg = Debug|Any CPU
		{155AA6EA-29C0-4339-B6F2-51EDBF52FBF0}.Debug|Any CPU.Build.0 = Debug|Any CPU
		{155AA6EA-29C0-4339-B6F2-51EDBF52FBF0}.Release|Any CPU.ActiveCfg = Release|Any CPU
		{155AA6EA-29C0-4339-B6F2-51EDBF52FBF0}.Release|Any CPU.Build.0 = Release|Any CPU
		{DD0AAFFB-303E-4E3E-BA9E-20C56CD78542}.AppVeyor|Any CPU.ActiveCfg = Release|Any CPU
		{DD0AAFFB-303E-4E3E-BA9E-20C56CD78542}.AppVeyor|Any CPU.Build.0 = Release|Any CPU
		{DD0AAFFB-303E-4E3E-BA9E-20C56CD78542}.Debug|Any CPU.ActiveCfg = Debug|Any CPU
		{DD0AAFFB-303E-4E3E-BA9E-20C56CD78542}.Debug|Any CPU.Build.0 = Debug|Any CPU
		{DD0AAFFB-303E-4E3E-BA9E-20C56CD78542}.Release|Any CPU.ActiveCfg = Release|Any CPU
		{DD0AAFFB-303E-4E3E-BA9E-20C56CD78542}.Release|Any CPU.Build.0 = Release|Any CPU
		{B5B37BEA-8623-4C6E-81A8-100FBD3AC3FD}.AppVeyor|Any CPU.ActiveCfg = Release|Any CPU
		{B5B37BEA-8623-4C6E-81A8-100FBD3AC3FD}.AppVeyor|Any CPU.Build.0 = Release|Any CPU
		{B5B37BEA-8623-4C6E-81A8-100FBD3AC3FD}.Debug|Any CPU.ActiveCfg = Debug|Any CPU
		{B5B37BEA-8623-4C6E-81A8-100FBD3AC3FD}.Debug|Any CPU.Build.0 = Debug|Any CPU
		{B5B37BEA-8623-4C6E-81A8-100FBD3AC3FD}.Release|Any CPU.ActiveCfg = Release|Any CPU
		{B5B37BEA-8623-4C6E-81A8-100FBD3AC3FD}.Release|Any CPU.Build.0 = Release|Any CPU
		{8B755D20-2782-44DE-AB75-7C2A3E985F17}.AppVeyor|Any CPU.ActiveCfg = Release|Any CPU
		{8B755D20-2782-44DE-AB75-7C2A3E985F17}.AppVeyor|Any CPU.Build.0 = Release|Any CPU
		{8B755D20-2782-44DE-AB75-7C2A3E985F17}.Debug|Any CPU.ActiveCfg = Debug|Any CPU
		{8B755D20-2782-44DE-AB75-7C2A3E985F17}.Debug|Any CPU.Build.0 = Debug|Any CPU
		{8B755D20-2782-44DE-AB75-7C2A3E985F17}.Release|Any CPU.ActiveCfg = Release|Any CPU
		{8B755D20-2782-44DE-AB75-7C2A3E985F17}.Release|Any CPU.Build.0 = Release|Any CPU
		{96A08A53-CE0D-400E-8F38-D354E0A4D81B}.AppVeyor|Any CPU.ActiveCfg = Release|Any CPU
		{96A08A53-CE0D-400E-8F38-D354E0A4D81B}.AppVeyor|Any CPU.Build.0 = Release|Any CPU
		{96A08A53-CE0D-400E-8F38-D354E0A4D81B}.Debug|Any CPU.ActiveCfg = Debug|Any CPU
		{96A08A53-CE0D-400E-8F38-D354E0A4D81B}.Debug|Any CPU.Build.0 = Debug|Any CPU
		{96A08A53-CE0D-400E-8F38-D354E0A4D81B}.Release|Any CPU.ActiveCfg = Release|Any CPU
		{96A08A53-CE0D-400E-8F38-D354E0A4D81B}.Release|Any CPU.Build.0 = Release|Any CPU
		{90B53209-C60C-4655-B28D-A1B3E1044BA3}.AppVeyor|Any CPU.ActiveCfg = AppVeyor|Any CPU
		{90B53209-C60C-4655-B28D-A1B3E1044BA3}.AppVeyor|Any CPU.Build.0 = AppVeyor|Any CPU
		{90B53209-C60C-4655-B28D-A1B3E1044BA3}.Debug|Any CPU.ActiveCfg = Debug|Any CPU
		{90B53209-C60C-4655-B28D-A1B3E1044BA3}.Debug|Any CPU.Build.0 = Debug|Any CPU
		{90B53209-C60C-4655-B28D-A1B3E1044BA3}.Release|Any CPU.ActiveCfg = Release|Any CPU
		{90B53209-C60C-4655-B28D-A1B3E1044BA3}.Release|Any CPU.Build.0 = Release|Any CPU
		{F079FB0A-A8ED-4216-B6A5-345756751A04}.AppVeyor|Any CPU.ActiveCfg = AppVeyor|Any CPU
		{F079FB0A-A8ED-4216-B6A5-345756751A04}.AppVeyor|Any CPU.Build.0 = AppVeyor|Any CPU
		{F079FB0A-A8ED-4216-B6A5-345756751A04}.Debug|Any CPU.ActiveCfg = Debug|Any CPU
		{F079FB0A-A8ED-4216-B6A5-345756751A04}.Debug|Any CPU.Build.0 = Debug|Any CPU
		{F079FB0A-A8ED-4216-B6A5-345756751A04}.Release|Any CPU.ActiveCfg = Release|Any CPU
		{F079FB0A-A8ED-4216-B6A5-345756751A04}.Release|Any CPU.Build.0 = Release|Any CPU
	EndGlobalSection
	GlobalSection(SolutionProperties) = preSolution
		HideSolutionNode = FALSE
	EndGlobalSection
	GlobalSection(NestedProjects) = preSolution
		{90B53209-C60C-4655-B28D-A1B3E1044BA3} = {169ED809-49BD-4DEB-B76B-8A959A1F005A}
		{F079FB0A-A8ED-4216-B6A5-345756751A04} = {169ED809-49BD-4DEB-B76B-8A959A1F005A}
	EndGlobalSection
EndGlobal
